// !$*UTF8*$!
{
	archiveVersion = 1;
	classes = {
	};
	objectVersion = 46;
	objects = {

/* Begin PBXBuildFile section */
		840D8A671B941BB7002975A9 /* main.m in Sources */ = {isa = PBXBuildFile; fileRef = 840D8A661B941BB7002975A9 /* main.m */; };
		840D8A6A1B941BB7002975A9 /* AppDelegate.m in Sources */ = {isa = PBXBuildFile; fileRef = 840D8A691B941BB7002975A9 /* AppDelegate.m */; };
		840D8A6D1B941BB7002975A9 /* ViewController.m in Sources */ = {isa = PBXBuildFile; fileRef = 840D8A6C1B941BB7002975A9 /* ViewController.m */; };
		840D8A701B941BB7002975A9 /* Main.storyboard in Resources */ = {isa = PBXBuildFile; fileRef = 840D8A6E1B941BB7002975A9 /* Main.storyboard */; };
		840D8A721B941BB7002975A9 /* Images.xcassets in Resources */ = {isa = PBXBuildFile; fileRef = 840D8A711B941BB7002975A9 /* Images.xcassets */; };
		840D8A751B941BB7002975A9 /* LaunchScreen.xib in Resources */ = {isa = PBXBuildFile; fileRef = 840D8A731B941BB7002975A9 /* LaunchScreen.xib */; };
		840D8A811B941BB8002975A9 /* test2Tests.m in Sources */ = {isa = PBXBuildFile; fileRef = 840D8A801B941BB8002975A9 /* test2Tests.m */; };
/* End PBXBuildFile section */

/* Begin PBXContainerItemProxy section */
		840D8A7B1B941BB8002975A9 /* PBXContainerItemProxy */ = {
			isa = PBXContainerItemProxy;
			containerPortal = 840D8A591B941BB7002975A9 /* Project object */;
			proxyType = 1;
			remoteGlobalIDString = 840D8A601B941BB7002975A9;
			remoteInfo = test2;
		};
/* End PBXContainerItemProxy section */

/* Begin PBXFileReference section */
		840D8A611B941BB7002975A9 /* test2.app */ = {isa = PBXFileReference; explicitFileType = wrapper.application; includeInIndex = 0; path = test2.app; sourceTree = BUILT_PRODUCTS_DIR; };
		840D8A651B941BB7002975A9 /* Info.plist */ = {isa = PBXFileReference; lastKnownFileType = text.plist.xml; path = Info.plist; sourceTree = "<group>"; };
		840D8A661B941BB7002975A9 /* main.m */ = {isa = PBXFileReference; lastKnownFileType = sourcecode.c.objc; path = main.m; sourceTree = "<group>"; };
		840D8A681B941BB7002975A9 /* AppDelegate.h */ = {isa = PBXFileReference; lastKnownFileType = sourcecode.c.h; path = AppDelegate.h; sourceTree = "<group>"; };
		840D8A691B941BB7002975A9 /* AppDelegate.m */ = {isa = PBXFileReference; lastKnownFileType = sourcecode.c.objc; path = AppDelegate.m; sourceTree = "<group>"; };
		840D8A6B1B941BB7002975A9 /* ViewController.h */ = {isa = PBXFileReference; lastKnownFileType = sourcecode.c.h; path = ViewController.h; sourceTree = "<group>"; };
		840D8A6C1B941BB7002975A9 /* ViewController.m */ = {isa = PBXFileReference; lastKnownFileType = sourcecode.c.objc; path = ViewController.m; sourceTree = "<group>"; };
		840D8A6F1B941BB7002975A9 /* Base */ = {isa = PBXFileReference; lastKnownFileType = file.storyboard; name = Base; path = Base.lproj/Main.storyboard; sourceTree = "<group>"; };
		840D8A711B941BB7002975A9 /* Images.xcassets */ = {isa = PBXFileReference; lastKnownFileType = folder.assetcatalog; path = Images.xcassets; sourceTree = "<group>"; };
		840D8A741B941BB7002975A9 /* Base */ = {isa = PBXFileReference; lastKnownFileType = file.xib; name = Base; path = Base.lproj/LaunchScreen.xib; sourceTree = "<group>"; };
		840D8A7A1B941BB8002975A9 /* test2Tests.xctest */ = {isa = PBXFileReference; explicitFileType = wrapper.cfbundle; includeInIndex = 0; path = test2Tests.xctest; sourceTree = BUILT_PRODUCTS_DIR; };
		840D8A7F1B941BB8002975A9 /* Info.plist */ = {isa = PBXFileReference; lastKnownFileType = text.plist.xml; path = Info.plist; sourceTree = "<group>"; };
		840D8A801B941BB8002975A9 /* test2Tests.m */ = {isa = PBXFileReference; lastKnownFileType = sourcecode.c.objc; path = test2Tests.m; sourceTree = "<group>"; };
/* End PBXFileReference section */

/* Begin PBXFrameworksBuildPhase section */
		840D8A5E1B941BB7002975A9 /* Frameworks */ = {
			isa = PBXFrameworksBuildPhase;
			buildActionMask = 2147483647;
			files = (
			);
			runOnlyForDeploymentPostprocessing = 0;
		};
		840D8A771B941BB8002975A9 /* Frameworks */ = {
			isa = PBXFrameworksBuildPhase;
			buildActionMask = 2147483647;
			files = (
			);
			runOnlyForDeploymentPostprocessing = 0;
		};
/* End PBXFrameworksBuildPhase section */

/* Begin PBXGroup section */
		840D8A581B941BB7002975A9 = {
			isa = PBXGroup;
			children = (
				840D8A631B941BB7002975A9 /* test2 */,
				840D8A7D1B941BB8002975A9 /* test2Tests */,
				840D8A621B941BB7002975A9 /* Products */,
			);
			sourceTree = "<group>";
		};
		840D8A621B941BB7002975A9 /* Products */ = {
			isa = PBXGroup;
			children = (
				840D8A611B941BB7002975A9 /* test2.app */,
				840D8A7A1B941BB8002975A9 /* test2Tests.xctest */,
			);
			name = Products;
			sourceTree = "<group>";
		};
		840D8A631B941BB7002975A9 /* test2 */ = {
			isa = PBXGroup;
			children = (
				840D8A681B941BB7002975A9 /* AppDelegate.h */,
				840D8A691B941BB7002975A9 /* AppDelegate.m */,
				840D8A6B1B941BB7002975A9 /* ViewController.h */,
				840D8A6C1B941BB7002975A9 /* ViewController.m */,
				840D8A6E1B941BB7002975A9 /* Main.storyboard */,
				840D8A711B941BB7002975A9 /* Images.xcassets */,
				840D8A731B941BB7002975A9 /* LaunchScreen.xib */,
				840D8A641B941BB7002975A9 /* Supporting Files */,
			);
			path = test2;
			sourceTree = "<group>";
		};
		840D8A641B941BB7002975A9 /* Supporting Files */ = {
			isa = PBXGroup;
			children = (
				840D8A651B941BB7002975A9 /* Info.plist */,
				840D8A661B941BB7002975A9 /* main.m */,
			);
			name = "Supporting Files";
			sourceTree = "<group>";
		};
		840D8A7D1B941BB8002975A9 /* test2Tests */ = {
			isa = PBXGroup;
			children = (
				840D8A801B941BB8002975A9 /* test2Tests.m */,
				840D8A7E1B941BB8002975A9 /* Supporting Files */,
			);
			path = test2Tests;
			sourceTree = "<group>";
		};
		840D8A7E1B941BB8002975A9 /* Supporting Files */ = {
			isa = PBXGroup;
			children = (
				840D8A7F1B941BB8002975A9 /* Info.plist */,
			);
			name = "Supporting Files";
			sourceTree = "<group>";
		};
/* End PBXGroup section */

/* Begin PBXNativeTarget section */
		840D8A601B941BB7002975A9 /* test2 */ = {
			isa = PBXNativeTarget;
			buildConfigurationList = 840D8A841B941BB8002975A9 /* Build configuration list for PBXNativeTarget "test2" */;
			buildPhases = (
				840D8A5D1B941BB7002975A9 /* Sources */,
				840D8A5E1B941BB7002975A9 /* Frameworks */,
				840D8A5F1B941BB7002975A9 /* Resources */,
			);
			buildRules = (
			);
			dependencies = (
			);
			name = test2;
			productName = test2;
			productReference = 840D8A611B941BB7002975A9 /* test2.app */;
			productType = "com.apple.product-type.application";
		};
		840D8A791B941BB8002975A9 /* test2Tests */ = {
			isa = PBXNativeTarget;
			buildConfigurationList = 840D8A871B941BB8002975A9 /* Build configuration list for PBXNativeTarget "test2Tests" */;
			buildPhases = (
				840D8A761B941BB8002975A9 /* Sources */,
				840D8A771B941BB8002975A9 /* Frameworks */,
				840D8A781B941BB8002975A9 /* Resources */,
			);
			buildRules = (
			);
			dependencies = (
				840D8A7C1B941BB8002975A9 /* PBXTargetDependency */,
			);
			name = test2Tests;
			productName = test2Tests;
			productReference = 840D8A7A1B941BB8002975A9 /* test2Tests.xctest */;
			productType = "com.apple.product-type.bundle.unit-test";
		};
/* End PBXNativeTarget section */

/* Begin PBXProject section */
		840D8A591B941BB7002975A9 /* Project object */ = {
			isa = PBXProject;
			attributes = {
				LastUpgradeCheck = 0640;
				ORGANIZATIONNAME = admin;
				TargetAttributes = {
					840D8A601B941BB7002975A9 = {
						CreatedOnToolsVersion = 6.4;
					};
					840D8A791B941BB8002975A9 = {
						CreatedOnToolsVersion = 6.4;
						TestTargetID = 840D8A601B941BB7002975A9;
					};
				};
			};
			buildConfigurationList = 840D8A5C1B941BB7002975A9 /* Build configuration list for PBXProject "test2" */;
			compatibilityVersion = "Xcode 3.2";
			developmentRegion = English;
			hasScannedForEncodings = 0;
			knownRegions = (
				en,
				Base,
			);
			mainGroup = 840D8A581B941BB7002975A9;
			productRefGroup = 840D8A621B941BB7002975A9 /* Products */;
			projectDirPath = "";
			projectRoot = "";
			targets = (
				840D8A601B941BB7002975A9 /* test2 */,
				840D8A791B941BB8002975A9 /* test2Tests */,
			);
		};
/* End PBXProject section */

/* Begin PBXResourcesBuildPhase section */
		840D8A5F1B941BB7002975A9 /* Resources */ = {
			isa = PBXResourcesBuildPhase;
			buildActionMask = 2147483647;
			files = (
				840D8A701B941BB7002975A9 /* Main.storyboard in Resources */,
				840D8A751B941BB7002975A9 /* LaunchScreen.xib in Resources */,
				840D8A721B941BB7002975A9 /* Images.xcassets in Resources */,
			);
			runOnlyForDeploymentPostprocessing = 0;
		};
		840D8A781B941BB8002975A9 /* Resources */ = {
			isa = PBXResourcesBuildPhase;
			buildActionMask = 2147483647;
			files = (
			);
			runOnlyForDeploymentPostprocessing = 0;
		};
/* End PBXResourcesBuildPhase section */

/* Begin PBXSourcesBuildPhase section */
		840D8A5D1B941BB7002975A9 /* Sources */ = {
			isa = PBXSourcesBuildPhase;
			buildActionMask = 2147483647;
			files = (
				840D8A6D1B941BB7002975A9 /* ViewController.m in Sources */,
				840D8A6A1B941BB7002975A9 /* AppDelegate.m in Sources */,
				840D8A671B941BB7002975A9 /* main.m in Sources */,
			);
			runOnlyForDeploymentPostprocessing = 0;
		};
		840D8A761B941BB8002975A9 /* Sources */ = {
			isa = PBXSourcesBuildPhase;
			buildActionMask = 2147483647;
			files = (
				840D8A811B941BB8002975A9 /* test2Tests.m in Sources */,
			);
			runOnlyForDeploymentPostprocessing = 0;
		};
/* End PBXSourcesBuildPhase section */

/* Begin PBXTargetDependency section */
		840D8A7C1B941BB8002975A9 /* PBXTargetDependency */ = {
			isa = PBXTargetDependency;
			target = 840D8A601B941BB7002975A9 /* test2 */;
			targetProxy = 840D8A7B1B941BB8002975A9 /* PBXContainerItemProxy */;
		};
/* End PBXTargetDependency section */

/* Begin PBXVariantGroup section */
		840D8A6E1B941BB7002975A9 /* Main.storyboard */ = {
			isa = PBXVariantGroup;
			children = (
				840D8A6F1B941BB7002975A9 /* Base */,
			);
			name = Main.storyboard;
			sourceTree = "<group>";
		};
		840D8A731B941BB7002975A9 /* LaunchScreen.xib */ = {
			isa = PBXVariantGroup;
			children = (
				840D8A741B941BB7002975A9 /* Base */,
			);
			name = LaunchScreen.xib;
			sourceTree = "<group>";
		};
/* End PBXVariantGroup section */

/* Begin XCBuildConfiguration section */
		840D8A821B941BB8002975A9 /* Debug */ = {
			isa = XCBuildConfiguration;
			buildSettings = {
				ALWAYS_SEARCH_USER_PATHS = NO;
				CLANG_CXX_LANGUAGE_STANDARD = "gnu++0x";
				CLANG_CXX_LIBRARY = "libc++";
				CLANG_ENABLE_MODULES = YES;
				CLANG_ENABLE_OBJC_ARC = YES;
				CLANG_WARN_BOOL_CONVERSION = YES;
				CLANG_WARN_CONSTANT_CONVERSION = YES;
				CLANG_WARN_DIRECT_OBJC_ISA_USAGE = YES_ERROR;
				CLANG_WARN_EMPTY_BODY = YES;
				CLANG_WARN_ENUM_CONVERSION = YES;
				CLANG_WARN_INT_CONVERSION = YES;
				CLANG_WARN_OBJC_ROOT_CLASS = YES_ERROR;
				CLANG_WARN_UNREACHABLE_CODE = YES;
				CLANG_WARN__DUPLICATE_METHOD_MATCH = YES;
				"CODE_SIGN_IDENTITY[sdk=iphoneos*]" = "iPhone Developer";
				COPY_PHASE_STRIP = NO;
				DEBUG_INFORMATION_FORMAT = "dwarf-with-dsym";
				ENABLE_STRICT_OBJC_MSGSEND = YES;
				GCC_C_LANGUAGE_STANDARD = gnu99;
				GCC_DYNAMIC_NO_PIC = NO;
				GCC_NO_COMMON_BLOCKS = YES;
				GCC_OPTIMIZATION_LEVEL = 0;
				GCC_PREPROCESSOR_DEFINITIONS = (
					"DEBUG=1",
					"$(inherited)",
				);
				GCC_SYMBOLS_PRIVATE_EXTERN = NO;
				GCC_WARN_64_TO_32_BIT_CONVERSION = YES;
				GCC_WARN_ABOUT_RETURN_TYPE = YES_ERROR;
				GCC_WARN_UNDECLARED_SELECTOR = YES;
				GCC_WARN_UNINITIALIZED_AUTOS = YES_AGGRESSIVE;
				GCC_WARN_UNUSED_FUNCTION = YES;
				GCC_WARN_UNUSED_VARIABLE = YES;
				IPHONEOS_DEPLOYMENT_TARGET = 8.4;
				MTL_ENABLE_DEBUG_INFO = YES;
				ONLY_ACTIVE_ARCH = YES;
				SDKROOT = iphoneos;
				TARGETED_DEVICE_FAMILY = "1,2";
			};
			name = Debug;
		};
		840D8A831B941BB8002975A9 /* Release */ = {
			isa = XCBuildConfiguration;
			buildSettings = {
				ALWAYS_SEARCH_USER_PATHS = NO;
				CLANG_CXX_LANGUAGE_STANDARD = "gnu++0x";
				CLANG_CXX_LIBRARY = "libc++";
				CLANG_ENABLE_MODULES = YES;
				CLANG_ENABLE_OBJC_ARC = YES;
				CLANG_WARN_BOOL_CONVERSION = YES;
				CLANG_WARN_CONSTANT_CONVERSION = YES;
				CLANG_WARN_DIRECT_OBJC_ISA_USAGE = YES_ERROR;
				CLANG_WARN_EMPTY_BODY = YES;
				CLANG_WARN_ENUM_CONVERSION = YES;
				CLANG_WARN_INT_CONVERSION = YES;
				CLANG_WARN_OBJC_ROOT_CLASS = YES_ERROR;
				CLANG_WARN_UNREACHABLE_CODE = YES;
				CLANG_WARN__DUPLICATE_METHOD_MATCH = YES;
				"CODE_SIGN_IDENTITY[sdk=iphoneos*]" = "iPhone Developer";
				COPY_PHASE_STRIP = NO;
				DEBUG_INFORMATION_FORMAT = "dwarf-with-dsym";
				ENABLE_NS_ASSERTIONS = NO;
				ENABLE_STRICT_OBJC_MSGSEND = YES;
				GCC_C_LANGUAGE_STANDARD = gnu99;
				GCC_NO_COMMON_BLOCKS = YES;
				GCC_WARN_64_TO_32_BIT_CONVERSION = YES;
				GCC_WARN_ABOUT_RETURN_TYPE = YES_ERROR;
				GCC_WARN_UNDECLARED_SELECTOR = YES;
				GCC_WARN_UNINITIALIZED_AUTOS = YES_AGGRESSIVE;
				GCC_WARN_UNUSED_FUNCTION = YES;
				GCC_WARN_UNUSED_VARIABLE = YES;
				IPHONEOS_DEPLOYMENT_TARGET = 8.4;
				MTL_ENABLE_DEBUG_INFO = NO;
				SDKROOT = iphoneos;
				TARGETED_DEVICE_FAMILY = "1,2";
				VALIDATE_PRODUCT = YES;
			};
			name = Release;
		};
		840D8A851B941BB8002975A9 /* Debug */ = {
			isa = XCBuildConfiguration;
			buildSettings = {
				ASSETCATALOG_COMPILER_APPICON_NAME = AppIcon;
				INFOPLIST_FILE = test2/Info.plist;
				LD_RUNPATH_SEARCH_PATHS = "$(inherited) @executable_path/Frameworks";
				PRODUCT_NAME = "$(TARGET_NAME)";
			};
			name = Debug;
		};
		840D8A861B941BB8002975A9 /* Release */ = {
			isa = XCBuildConfiguration;
			buildSettings = {
				ASSETCATALOG_COMPILER_APPICON_NAME = AppIcon;
				INFOPLIST_FILE = test2/Info.plist;
				LD_RUNPATH_SEARCH_PATHS = "$(inherited) @executable_path/Frameworks";
				PRODUCT_NAME = "$(TARGET_NAME)";
			};
			name = Release;
		};
		840D8A881B941BB8002975A9 /* Debug */ = {
			isa = XCBuildConfiguration;
			buildSettings = {
				BUNDLE_LOADER = "$(TEST_HOST)";
				FRAMEWORK_SEARCH_PATHS = (
					"$(SDKROOT)/Developer/Library/Frameworks",
					"$(inherited)",
				);
				GCC_PREPROCESSOR_DEFINITIONS = (
					"DEBUG=1",
					"$(inherited)",
				);
				INFOPLIST_FILE = test2Tests/Info.plist;
				LD_RUNPATH_SEARCH_PATHS = "$(inherited) @executable_path/Frameworks @loader_path/Frameworks";
				PRODUCT_NAME = "$(TARGET_NAME)";
				TEST_HOST = "$(BUILT_PRODUCTS_DIR)/test2.app/test2";
			};
			name = Debug;
		};
		840D8A891B941BB8002975A9 /* Release */ = {
			isa = XCBuildConfiguration;
			buildSettings = {
				BUNDLE_LOADER = "$(TEST_HOST)";
				FRAMEWORK_SEARCH_PATHS = (
					"$(SDKROOT)/Developer/Library/Frameworks",
					"$(inherited)",
				);
				INFOPLIST_FILE = test2Tests/Info.plist;
				LD_RUNPATH_SEARCH_PATHS = "$(inherited) @executable_path/Frameworks @loader_path/Frameworks";
				PRODUCT_NAME = "$(TARGET_NAME)";
				TEST_HOST = "$(BUILT_PRODUCTS_DIR)/test2.app/test2";
			};
			name = Release;
		};
/* End XCBuildConfiguration section */

/* Begin XCConfigurationList section */
		840D8A5C1B941BB7002975A9 /* Build configuration list for PBXProject "test2" */ = {
			isa = XCConfigurationList;
			buildConfigurations = (
				840D8A821B941BB8002975A9 /* Debug */,
				840D8A831B941BB8002975A9 /* Release */,
			);
			defaultConfigurationIsVisible = 0;
			defaultConfigurationName = Release;
		};
		840D8A841B941BB8002975A9 /* Build configuration list for PBXNativeTarget "test2" */ = {
			isa = XCConfigurationList;
			buildConfigurations = (
				840D8A851B941BB8002975A9 /* Debug */,
				840D8A861B941BB8002975A9 /* Release */,
			);
			defaultConfigurationIsVisible = 0;
		};
		840D8A871B941BB8002975A9 /* Build configuration list for PBXNativeTarget "test2Tests" */ = {
			isa = XCConfigurationList;
			buildConfigurations = (
				840D8A881B941BB8002975A9 /* Debug */,
				840D8A891B941BB8002975A9 /* Release */,
			);
			defaultConfigurationIsVisible = 0;
		};
/* End XCConfigurationList section */
	};
	rootObject = 840D8A591B941BB7002975A9 /* Project object */;
}
